
Microsoft Visual Studio Solution File, Format Version 12.00
# Visual Studio Version 16
VisualStudioVersion = 16.0.30611.23
MinimumVisualStudioVersion = 10.0.40219.1
Project("{FAE04EC0-301F-11D3-BF4B-00C04F79EFBC}") = "HESSorgu", "HESSorgu.csproj", "{42EE7E8A-D868-48D7-83DC-B58E43096CF7}"
EndProject
Global
	GlobalSection(SolutionConfigurationPlatforms) = preSolution
		Debug|Any CPU = Debug|Any CPU
		Release|Any CPU = Release|Any CPU
	EndGlobalSection
	GlobalSection(ProjectConfigurationPlatforms) = postSolution
		{42EE7E8A-D868-48D7-83DC-B58E43096CF7}.Debug|Any CPU.ActiveCfg = Debug|Any CPU
		{42EE7E8A-D868-48D7-83DC-B58E43096CF7}.Debug|Any CPU.Build.0 = Debug|Any CPU
		{42EE7E8A-D868-48D7-83DC-B58E43096CF7}.Release|Any CPU.ActiveCfg = Release|Any CPU
		{42EE7E8A-D868-48D7-83DC-B58E43096CF7}.Release|Any CPU.Build.0 = Release|Any CPU
	EndGlobalSection
	GlobalSection(SolutionProperties) = preSolution
		HideSolutionNode = FALSE
	EndGlobalSection
	GlobalSection(ExtensibilityGlobals) = postSolution
		SolutionGuid = {022840F6-E75C-4A69-A363-C06DE9F1FBDD}
	EndGlobalSection
EndGlobal
